// !$*UTF8*$!
{
	archiveVersion = 1;
	classes = {
	};
	objectVersion = 46;
	objects = {

/* Begin PBXBuildFile section */
		1EAC21BB1A76351100F6D729 /* CoreDataStack.swift in Sources */ = {isa = PBXBuildFile; fileRef = 1EAC21BA1A76351100F6D729 /* CoreDataStack.swift */; };
		1EAC21BE1A763BCF00F6D729 /* Dog Walk.xcdatamodeld in Sources */ = {isa = PBXBuildFile; fileRef = 1EAC21BC1A763BCF00F6D729 /* Dog Walk.xcdatamodeld */; };
		1EAC21C01A763E2300F6D729 /* Dog.swift in Sources */ = {isa = PBXBuildFile; fileRef = 1EAC21BF1A763E2300F6D729 /* Dog.swift */; };
		1EAC21C21A763E2400F6D729 /* Walk.swift in Sources */ = {isa = PBXBuildFile; fileRef = 1EAC21C11A763E2400F6D729 /* Walk.swift */; };
		D953A3AE1A74CE7600DFFFC0 /* AppDelegate.swift in Sources */ = {isa = PBXBuildFile; fileRef = D953A3AD1A74CE7600DFFFC0 /* AppDelegate.swift */; };
		D953A3B01A74CE7600DFFFC0 /* ViewController.swift in Sources */ = {isa = PBXBuildFile; fileRef = D953A3AF1A74CE7600DFFFC0 /* ViewController.swift */; };
		D953A3B31A74CE7600DFFFC0 /* Main.storyboard in Resources */ = {isa = PBXBuildFile; fileRef = D953A3B11A74CE7600DFFFC0 /* Main.storyboard */; };
		D953A3B51A74CE7600DFFFC0 /* Images.xcassets in Resources */ = {isa = PBXBuildFile; fileRef = D953A3B41A74CE7600DFFFC0 /* Images.xcassets */; };
		D953A3B81A74CE7600DFFFC0 /* LaunchScreen.xib in Resources */ = {isa = PBXBuildFile; fileRef = D953A3B61A74CE7600DFFFC0 /* LaunchScreen.xib */; };
		D953A3C41A74CE7700DFFFC0 /* Dog_WalkTests.swift in Sources */ = {isa = PBXBuildFile; fileRef = D953A3C31A74CE7700DFFFC0 /* Dog_WalkTests.swift */; };
/* End PBXBuildFile section */

/* Begin PBXContainerItemProxy section */
		D953A3BE1A74CE7700DFFFC0 /* PBXContainerItemProxy */ = {
			isa = PBXContainerItemProxy;
			containerPortal = D953A3A01A74CE7600DFFFC0 /* Project object */;
			proxyType = 1;
			remoteGlobalIDString = D953A3A71A74CE7600DFFFC0;
			remoteInfo = "Dog Walk";
		};
/* End PBXContainerItemProxy section */

/* Begin PBXFileReference section */
		1EAC21BA1A76351100F6D729 /* CoreDataStack.swift */ = {isa = PBXFileReference; fileEncoding = 4; lastKnownFileType = sourcecode.swift; path = CoreDataStack.swift; sourceTree = "<group>"; };
		1EAC21BD1A763BCF00F6D729 /* Dog Walk.xcdatamodel */ = {isa = PBXFileReference; lastKnownFileType = wrapper.xcdatamodel; path = "Dog Walk.xcdatamodel"; sourceTree = "<group>"; };
		1EAC21BF1A763E2300F6D729 /* Dog.swift */ = {isa = PBXFileReference; fileEncoding = 4; lastKnownFileType = sourcecode.swift; path = Dog.swift; sourceTree = "<group>"; };
		1EAC21C11A763E2400F6D729 /* Walk.swift */ = {isa = PBXFileReference; fileEncoding = 4; lastKnownFileType = sourcecode.swift; path = Walk.swift; sourceTree = "<group>"; };
		D953A3A81A74CE7600DFFFC0 /* Dog Walk.app */ = {isa = PBXFileReference; explicitFileType = wrapper.application; includeInIndex = 0; path = "Dog Walk.app"; sourceTree = BUILT_PRODUCTS_DIR; };
		D953A3AC1A74CE7600DFFFC0 /* Info.plist */ = {isa = PBXFileReference; lastKnownFileType = text.plist.xml; path = Info.plist; sourceTree = "<group>"; };
		D953A3AD1A74CE7600DFFFC0 /* AppDelegate.swift */ = {isa = PBXFileReference; lastKnownFileType = sourcecode.swift; path = AppDelegate.swift; sourceTree = "<group>"; };
		D953A3AF1A74CE7600DFFFC0 /* ViewController.swift */ = {isa = PBXFileReference; lastKnownFileType = sourcecode.swift; path = ViewController.swift; sourceTree = "<group>"; };
		D953A3B21A74CE7600DFFFC0 /* Base */ = {isa = PBXFileReference; lastKnownFileType = file.storyboard; name = Base; path = Base.lproj/Main.storyboard; sourceTree = "<group>"; };
		D953A3B41A74CE7600DFFFC0 /* Images.xcassets */ = {isa = PBXFileReference; lastKnownFileType = folder.assetcatalog; path = Images.xcassets; sourceTree = "<group>"; };
		D953A3B71A74CE7600DFFFC0 /* Base */ = {isa = PBXFileReference; lastKnownFileType = file.xib; name = Base; path = Base.lproj/LaunchScreen.xib; sourceTree = "<group>"; };
		D953A3BD1A74CE7700DFFFC0 /* Dog WalkTests.xctest */ = {isa = PBXFileReference; explicitFileType = wrapper.cfbundle; includeInIndex = 0; path = "Dog WalkTests.xctest"; sourceTree = BUILT_PRODUCTS_DIR; };
		D953A3C21A74CE7700DFFFC0 /* Info.plist */ = {isa = PBXFileReference; lastKnownFileType = text.plist.xml; path = Info.plist; sourceTree = "<group>"; };
		D953A3C31A74CE7700DFFFC0 /* Dog_WalkTests.swift */ = {isa = PBXFileReference; lastKnownFileType = sourcecode.swift; path = Dog_WalkTests.swift; sourceTree = "<group>"; };
/* End PBXFileReference section */

/* Begin PBXFrameworksBuildPhase section */
		D953A3A51A74CE7600DFFFC0 /* Frameworks */ = {
			isa = PBXFrameworksBuildPhase;
			buildActionMask = 2147483647;
			files = (
			);
			runOnlyForDeploymentPostprocessing = 0;
		};
		D953A3BA1A74CE7700DFFFC0 /* Frameworks */ = {
			isa = PBXFrameworksBuildPhase;
			buildActionMask = 2147483647;
			files = (
			);
			runOnlyForDeploymentPostprocessing = 0;
		};
/* End PBXFrameworksBuildPhase section */

/* Begin PBXGroup section */
		D953A39F1A74CE7600DFFFC0 = {
			isa = PBXGroup;
			children = (
				D953A3AA1A74CE7600DFFFC0 /* Dog Walk */,
				D953A3C01A74CE7700DFFFC0 /* Dog WalkTests */,
				D953A3A91A74CE7600DFFFC0 /* Products */,
			);
			sourceTree = "<group>";
		};
		D953A3A91A74CE7600DFFFC0 /* Products */ = {
			isa = PBXGroup;
			children = (
				D953A3A81A74CE7600DFFFC0 /* Dog Walk.app */,
				D953A3BD1A74CE7700DFFFC0 /* Dog WalkTests.xctest */,
			);
			name = Products;
			sourceTree = "<group>";
		};
		D953A3AA1A74CE7600DFFFC0 /* Dog Walk */ = {
			isa = PBXGroup;
			children = (
				D953A3AD1A74CE7600DFFFC0 /* AppDelegate.swift */,
				D953A3AF1A74CE7600DFFFC0 /* ViewController.swift */,
				D953A3B11A74CE7600DFFFC0 /* Main.storyboard */,
				D953A3B41A74CE7600DFFFC0 /* Images.xcassets */,
				D953A3B61A74CE7600DFFFC0 /* LaunchScreen.xib */,
				D953A3AB1A74CE7600DFFFC0 /* Supporting Files */,
				1EAC21BA1A76351100F6D729 /* CoreDataStack.swift */,
				1EAC21BC1A763BCF00F6D729 /* Dog Walk.xcdatamodeld */,
				1EAC21C11A763E2400F6D729 /* Walk.swift */,
				1EAC21BF1A763E2300F6D729 /* Dog.swift */,
			);
			path = "Dog Walk";
			sourceTree = "<group>";
		};
		D953A3AB1A74CE7600DFFFC0 /* Supporting Files */ = {
			isa = PBXGroup;
			children = (
				D953A3AC1A74CE7600DFFFC0 /* Info.plist */,
			);
			name = "Supporting Files";
			sourceTree = "<group>";
		};
		D953A3C01A74CE7700DFFFC0 /* Dog WalkTests */ = {
			isa = PBXGroup;
			children = (
				D953A3C31A74CE7700DFFFC0 /* Dog_WalkTests.swift */,
				D953A3C11A74CE7700DFFFC0 /* Supporting Files */,
			);
			path = "Dog WalkTests";
			sourceTree = "<group>";
		};
		D953A3C11A74CE7700DFFFC0 /* Supporting Files */ = {
			isa = PBXGroup;
			children = (
				D953A3C21A74CE7700DFFFC0 /* Info.plist */,
			);
			name = "Supporting Files";
			sourceTree = "<group>";
		};
/* End PBXGroup section */

/* Begin PBXNativeTarget section */
		D953A3A71A74CE7600DFFFC0 /* Dog Walk */ = {
			isa = PBXNativeTarget;
			buildConfigurationList = D953A3C71A74CE7700DFFFC0 /* Build configuration list for PBXNativeTarget "Dog Walk" */;
			buildPhases = (
				D953A3A41A74CE7600DFFFC0 /* Sources */,
				D953A3A51A74CE7600DFFFC0 /* Frameworks */,
				D953A3A61A74CE7600DFFFC0 /* Resources */,
			);
			buildRules = (
			);
			dependencies = (
			);
			name = "Dog Walk";
			productName = "Dog Walk";
			productReference = D953A3A81A74CE7600DFFFC0 /* Dog Walk.app */;
			productType = "com.apple.product-type.application";
		};
		D953A3BC1A74CE7700DFFFC0 /* Dog WalkTests */ = {
			isa = PBXNativeTarget;
			buildConfigurationList = D953A3CA1A74CE7700DFFFC0 /* Build configuration list for PBXNativeTarget "Dog WalkTests" */;
			buildPhases = (
				D953A3B91A74CE7700DFFFC0 /* Sources */,
				D953A3BA1A74CE7700DFFFC0 /* Frameworks */,
				D953A3BB1A74CE7700DFFFC0 /* Resources */,
			);
			buildRules = (
			);
			dependencies = (
				D953A3BF1A74CE7700DFFFC0 /* PBXTargetDependency */,
			);
			name = "Dog WalkTests";
			productName = "Dog WalkTests";
			productReference = D953A3BD1A74CE7700DFFFC0 /* Dog WalkTests.xctest */;
			productType = "com.apple.product-type.bundle.unit-test";
		};
/* End PBXNativeTarget section */

/* Begin PBXProject section */
		D953A3A01A74CE7600DFFFC0 /* Project object */ = {
			isa = PBXProject;
			attributes = {
				LastUpgradeCheck = 0610;
				ORGANIZATIONNAME = GWrabbit;
				TargetAttributes = {
					D953A3A71A74CE7600DFFFC0 = {
						CreatedOnToolsVersion = 6.1.1;
					};
					D953A3BC1A74CE7700DFFFC0 = {
						CreatedOnToolsVersion = 6.1.1;
						TestTargetID = D953A3A71A74CE7600DFFFC0;
					};
				};
			};
			buildConfigurationList = D953A3A31A74CE7600DFFFC0 /* Build configuration list for PBXProject "Dog Walk" */;
			compatibilityVersion = "Xcode 3.2";
			developmentRegion = English;
			hasScannedForEncodings = 0;
			knownRegions = (
				en,
				Base,
			);
			mainGroup = D953A39F1A74CE7600DFFFC0;
			productRefGroup = D953A3A91A74CE7600DFFFC0 /* Products */;
			projectDirPath = "";
			projectRoot = "";
			targets = (
				D953A3A71A74CE7600DFFFC0 /* Dog Walk */,
				D953A3BC1A74CE7700DFFFC0 /* Dog WalkTests */,
			);
		};
/* End PBXProject section */

/* Begin PBXResourcesBuildPhase section */
		D953A3A61A74CE7600DFFFC0 /* Resources */ = {
			isa = PBXResourcesBuildPhase;
			buildActionMask = 2147483647;
			files = (
				D953A3B31A74CE7600DFFFC0 /* Main.storyboard in Resources */,
				D953A3B81A74CE7600DFFFC0 /* LaunchScreen.xib in Resources */,
				D953A3B51A74CE7600DFFFC0 /* Images.xcassets in Resources */,
			);
			runOnlyForDeploymentPostprocessing = 0;
		};
		D953A3BB1A74CE7700DFFFC0 /* Resources */ = {
			isa = PBXResourcesBuildPhase;
			buildActionMask = 2147483647;
			files = (
			);
			runOnlyForDeploymentPostprocessing = 0;
		};
/* End PBXResourcesBuildPhase section */

/* Begin PBXSourcesBuildPhase section */
		D953A3A41A74CE7600DFFFC0 /* Sources */ = {
			isa = PBXSourcesBuildPhase;
			buildActionMask = 2147483647;
			files = (
				1EAC21BB1A76351100F6D729 /* CoreDataStack.swift in Sources */,
				D953A3B01A74CE7600DFFFC0 /* ViewController.swift in Sources */,
				1EAC21BE1A763BCF00F6D729 /* Dog Walk.xcdatamodeld in Sources */,
				1EAC21C01A763E2300F6D729 /* Dog.swift in Sources */,
				1EAC21C21A763E2400F6D729 /* Walk.swift in Sources */,
				D953A3AE1A74CE7600DFFFC0 /* AppDelegate.swift in Sources */,
			);
			runOnlyForDeploymentPostprocessing = 0;
		};
		D953A3B91A74CE7700DFFFC0 /* Sources */ = {
			isa = PBXSourcesBuildPhase;
			buildActionMask = 2147483647;
			files = (
				D953A3C41A74CE7700DFFFC0 /* Dog_WalkTests.swift in Sources */,
			);
			runOnlyForDeploymentPostprocessing = 0;
		};
/* End PBXSourcesBuildPhase section */

/* Begin PBXTargetDependency section */
		D953A3BF1A74CE7700DFFFC0 /* PBXTargetDependency */ = {
			isa = PBXTargetDependency;
			target = D953A3A71A74CE7600DFFFC0 /* Dog Walk */;
			targetProxy = D953A3BE1A74CE7700DFFFC0 /* PBXContainerItemProxy */;
		};
/* End PBXTargetDependency section */

/* Begin PBXVariantGroup section */
		D953A3B11A74CE7600DFFFC0 /* Main.storyboard */ = {
			isa = PBXVariantGroup;
			children = (
				D953A3B21A74CE7600DFFFC0 /* Base */,
			);
			name = Main.storyboard;
			sourceTree = "<group>";
		};
		D953A3B61A74CE7600DFFFC0 /* LaunchScreen.xib */ = {
			isa = PBXVariantGroup;
			children = (
				D953A3B71A74CE7600DFFFC0 /* Base */,
			);
			name = LaunchScreen.xib;
			sourceTree = "<group>";
		};
/* End PBXVariantGroup section */

/* Begin XCBuildConfiguration section */
		D953A3C51A74CE7700DFFFC0 /* Debug */ = {
			isa = XCBuildConfiguration;
			buildSettings = {
				ALWAYS_SEARCH_USER_PATHS = NO;
				CLANG_CXX_LANGUAGE_STANDARD = "gnu++0x";
				CLANG_CXX_LIBRARY = "libc++";
				CLANG_ENABLE_MODULES = YES;
				CLANG_ENABLE_OBJC_ARC = YES;
				CLANG_WARN_BOOL_CONVERSION = YES;
				CLANG_WARN_CONSTANT_CONVERSION = YES;
				CLANG_WARN_DIRECT_OBJC_ISA_USAGE = YES_ERROR;
				CLANG_WARN_EMPTY_BODY = YES;
				CLANG_WARN_ENUM_CONVERSION = YES;
				CLANG_WARN_INT_CONVERSION = YES;
				CLANG_WARN_OBJC_ROOT_CLASS = YES_ERROR;
				CLANG_WARN_UNREACHABLE_CODE = YES;
				CLANG_WARN__DUPLICATE_METHOD_MATCH = YES;
				"CODE_SIGN_IDENTITY[sdk=iphoneos*]" = "iPhone Developer";
				COPY_PHASE_STRIP = NO;
				ENABLE_STRICT_OBJC_MSGSEND = YES;
				GCC_C_LANGUAGE_STANDARD = gnu99;
				GCC_DYNAMIC_NO_PIC = NO;
				GCC_OPTIMIZATION_LEVEL = 0;
				GCC_PREPROCESSOR_DEFINITIONS = (
					"DEBUG=1",
					"$(inherited)",
				);
				GCC_SYMBOLS_PRIVATE_EXTERN = NO;
				GCC_WARN_64_TO_32_BIT_CONVERSION = YES;
				GCC_WARN_ABOUT_RETURN_TYPE = YES_ERROR;
				GCC_WARN_UNDECLARED_SELECTOR = YES;
				GCC_WARN_UNINITIALIZED_AUTOS = YES_AGGRESSIVE;
				GCC_WARN_UNUSED_FUNCTION = YES;
				GCC_WARN_UNUSED_VARIABLE = YES;
				IPHONEOS_DEPLOYMENT_TARGET = 8.1;
				MTL_ENABLE_DEBUG_INFO = YES;
				ONLY_ACTIVE_ARCH = YES;
				SDKROOT = iphoneos;
				SWIFT_OPTIMIZATION_LEVEL = "-Onone";
			};
			name = Debug;
		};
		D953A3C61A74CE7700DFFFC0 /* Release */ = {
			isa = XCBuildConfiguration;
			buildSettings = {
				ALWAYS_SEARCH_USER_PATHS = NO;
				CLANG_CXX_LANGUAGE_STANDARD = "gnu++0x";
				CLANG_CXX_LIBRARY = "libc++";
				CLANG_ENABLE_MODULES = YES;
				CLANG_ENABLE_OBJC_ARC = YES;
				CLANG_WARN_BOOL_CONVERSION = YES;
				CLANG_WARN_CONSTANT_CONVERSION = YES;
				CLANG_WARN_DIRECT_OBJC_ISA_USAGE = YES_ERROR;
				CLANG_WARN_EMPTY_BODY = YES;
				CLANG_WARN_ENUM_CONVERSION = YES;
				CLANG_WARN_INT_CONVERSION = YES;
				CLANG_WARN_OBJC_ROOT_CLASS = YES_ERROR;
				CLANG_WARN_UNREACHABLE_CODE = YES;
				CLANG_WARN__DUPLICATE_METHOD_MATCH = YES;
				"CODE_SIGN_IDENTITY[sdk=iphoneos*]" = "iPhone Developer";
				COPY_PHASE_STRIP = YES;
				ENABLE_NS_ASSERTIONS = NO;
				ENABLE_STRICT_OBJC_MSGSEND = YES;
				GCC_C_LANGUAGE_STANDARD = gnu99;
				GCC_WARN_64_TO_32_BIT_CONVERSION = YES;
				GCC_WARN_ABOUT_RETURN_TYPE = YES_ERROR;
				GCC_WARN_UNDECLARED_SELECTOR = YES;
				GCC_WARN_UNINITIALIZED_AUTOS = YES_AGGRESSIVE;
				GCC_WARN_UNUSED_FUNCTION = YES;
				GCC_WARN_UNUSED_VARIABLE = YES;
				IPHONEOS_DEPLOYMENT_TARGET = 8.1;
				MTL_ENABLE_DEBUG_INFO = NO;
				SDKROOT = iphoneos;
				VALIDATE_PRODUCT = YES;
			};
			name = Release;
		};
		D953A3C81A74CE7700DFFFC0 /* Debug */ = {
			isa = XCBuildConfiguration;
			buildSettings = {
				ASSETCATALOG_COMPILER_APPICON_NAME = AppIcon;
				INFOPLIST_FILE = "Dog Walk/Info.plist";
				LD_RUNPATH_SEARCH_PATHS = "$(inherited) @executable_path/Frameworks";
				PRODUCT_NAME = "$(TARGET_NAME)";
			};
			name = Debug;
		};
		D953A3C91A74CE7700DFFFC0 /* Release */ = {
			isa = XCBuildConfiguration;
			buildSettings = {
				ASSETCATALOG_COMPILER_APPICON_NAME = AppIcon;
				INFOPLIST_FILE = "Dog Walk/Info.plist";
				LD_RUNPATH_SEARCH_PATHS = "$(inherited) @executable_path/Frameworks";
				PRODUCT_NAME = "$(TARGET_NAME)";
			};
			name = Release;
		};
		D953A3CB1A74CE7700DFFFC0 /* Debug */ = {
			isa = XCBuildConfiguration;
			buildSettings = {
				BUNDLE_LOADER = "$(TEST_HOST)";
				FRAMEWORK_SEARCH_PATHS = (
					"$(SDKROOT)/Developer/Library/Frameworks",
					"$(inherited)",
				);
				GCC_PREPROCESSOR_DEFINITIONS = (
					"DEBUG=1",
					"$(inherited)",
				);
				INFOPLIST_FILE = "Dog WalkTests/Info.plist";
				LD_RUNPATH_SEARCH_PATHS = "$(inherited) @executable_path/Frameworks @loader_path/Frameworks";
				PRODUCT_NAME = "$(TARGET_NAME)";
				TEST_HOST = "$(BUILT_PRODUCTS_DIR)/Dog Walk.app/Dog Walk";
			};
			name = Debug;
		};
		D953A3CC1A74CE7700DFFFC0 /* Release */ = {
			isa = XCBuildConfiguration;
			buildSettings = {
				BUNDLE_LOADER = "$(TEST_HOST)";
				FRAMEWORK_SEARCH_PATHS = (
					"$(SDKROOT)/Developer/Library/Frameworks",
					"$(inherited)",
				);
				INFOPLIST_FILE = "Dog WalkTests/Info.plist";
				LD_RUNPATH_SEARCH_PATHS = "$(inherited) @executable_path/Frameworks @loader_path/Frameworks";
				PRODUCT_NAME = "$(TARGET_NAME)";
				TEST_HOST = "$(BUILT_PRODUCTS_DIR)/Dog Walk.app/Dog Walk";
			};
			name = Release;
		};
/* End XCBuildConfiguration section */

/* Begin XCConfigurationList section */
		D953A3A31A74CE7600DFFFC0 /* Build configuration list for PBXProject "Dog Walk" */ = {
			isa = XCConfigurationList;
			buildConfigurations = (
				D953A3C51A74CE7700DFFFC0 /* Debug */,
				D953A3C61A74CE7700DFFFC0 /* Release */,
			);
			defaultConfigurationIsVisible = 0;
			defaultConfigurationName = Release;
		};
		D953A3C71A74CE7700DFFFC0 /* Build configuration list for PBXNativeTarget "Dog Walk" */ = {
			isa = XCConfigurationList;
			buildConfigurations = (
				D953A3C81A74CE7700DFFFC0 /* Debug */,
				D953A3C91A74CE7700DFFFC0 /* Release */,
			);
			defaultConfigurationIsVisible = 0;
			defaultConfigurationName = Release;
		};
		D953A3CA1A74CE7700DFFFC0 /* Build configuration list for PBXNativeTarget "Dog WalkTests" */ = {
			isa = XCConfigurationList;
			buildConfigurations = (
				D953A3CB1A74CE7700DFFFC0 /* Debug */,
				D953A3CC1A74CE7700DFFFC0 /* Release */,
			);
			defaultConfigurationIsVisible = 0;
			defaultConfigurationName = Release;
		};
/* End XCConfigurationList section */

/* Begin XCVersionGroup section */
		1EAC21BC1A763BCF00F6D729 /* Dog Walk.xcdatamodeld */ = {
			isa = XCVersionGroup;
			children = (
				1EAC21BD1A763BCF00F6D729 /* Dog Walk.xcdatamodel */,
			);
			currentVersion = 1EAC21BD1A763BCF00F6D729 /* Dog Walk.xcdatamodel */;
			path = "Dog Walk.xcdatamodeld";
			sourceTree = "<group>";
			versionGroupType = wrapper.xcdatamodel;
		};
/* End XCVersionGroup section */
	};
	rootObject = D953A3A01A74CE7600DFFFC0 /* Project object */;
}
